{
  "R": {
    "Version": "4.0.2",
    "Repositories": [
      {
        "Name": "CRAN",
        "URL": "https://cloud.r-project.org"
      },
      {
        "Name": "INLA",
        "URL": "https://inla.r-inla-download.org/R/stable"
      }
    ]
  },
  "Packages": {
    "lattice": {
      "Package": "lattice",
      "Version": "0.20-44",
      "Source": "Repository",
      "Repository": "CRAN",
      "Hash": "f36bf1a849d9106dc2af72e501f9de41"
    },
    "rgdal": {
      "Package": "rgdal",
      "Version": "1.5-23",
      "Source": "Repository",
      "Repository": "CRAN",
      "Hash": "bb6f643247d35c947e9f113567e2bf7a"
    },
    "sp": {
      "Package": "sp",
      "Version": "1.4-5",
      "Source": "Repository",
      "Repository": "CRAN",
      "Hash": "dfd843ee98246cf932823acf613b05dd"
    }
  }
}
